
Microsoft Visual Studio Solution File, Format Version 12.00
# Visual Studio Version 16
VisualStudioVersion = 16.0.29123.88
MinimumVisualStudioVersion = 10.0.40219.1
Project("{FAE04EC0-301F-11D3-BF4B-00C04F79EFBC}") = "hotel_fave", "hotel_fave\hotel_fave.csproj", "{06C627F2-BB91-42C7-AECB-6EF31E750CEE}"
EndProject
Global
	GlobalSection(SolutionConfigurationPlatforms) = preSolution
		Debug|Any CPU = Debug|Any CPU
		Release|Any CPU = Release|Any CPU
	EndGlobalSection
	GlobalSection(ProjectConfigurationPlatforms) = postSolution
		{06C627F2-BB91-42C7-AECB-6EF31E750CEE}.Debug|Any CPU.ActiveCfg = Debug|Any CPU
		{06C627F2-BB91-42C7-AECB-6EF31E750CEE}.Debug|Any CPU.Build.0 = Debug|Any CPU
		{06C627F2-BB91-42C7-AECB-6EF31E750CEE}.Release|Any CPU.ActiveCfg = Release|Any CPU
		{06C627F2-BB91-42C7-AECB-6EF31E750CEE}.Release|Any CPU.Build.0 = Release|Any CPU
	EndGlobalSection
	GlobalSection(SolutionProperties) = preSolution
		HideSolutionNode = FALSE
	EndGlobalSection
	GlobalSection(ExtensibilityGlobals) = postSolution
		SolutionGuid = {02BA8CB6-8DB6-4E50-9A85-B86796782BCA}
	EndGlobalSection
EndGlobal
